
Microsoft Visual Studio Solution File, Format Version 12.00
# Visual Studio Version 17
VisualStudioVersion = 17.7.34221.43
MinimumVisualStudioVersion = 10.0.40219.1
Project("{FAE04EC0-301F-11D3-BF4B-00C04F79EFBC}") = "QuanLyDiemCNTT", "QuanLyDiemCNTT\QuanLyDiemCNTT.csproj", "{C798544E-C8C3-4C4D-8B5D-7C89FE325388}"
EndProject
Global
	GlobalSection(SolutionConfigurationPlatforms) = preSolution
		Debug|Any CPU = Debug|Any CPU
		Release|Any CPU = Release|Any CPU
	EndGlobalSection
	GlobalSection(ProjectConfigurationPlatforms) = postSolution
		{C798544E-C8C3-4C4D-8B5D-7C89FE325388}.Debug|Any CPU.ActiveCfg = Debug|Any CPU
		{C798544E-C8C3-4C4D-8B5D-7C89FE325388}.Debug|Any CPU.Build.0 = Debug|Any CPU
		{C798544E-C8C3-4C4D-8B5D-7C89FE325388}.Release|Any CPU.ActiveCfg = Release|Any CPU
		{C798544E-C8C3-4C4D-8B5D-7C89FE325388}.Release|Any CPU.Build.0 = Release|Any CPU
	EndGlobalSection
	GlobalSection(SolutionProperties) = preSolution
		HideSolutionNode = FALSE
	EndGlobalSection
	GlobalSection(ExtensibilityGlobals) = postSolution
		SolutionGuid = {64C9BD36-7C27-492E-B5A4-F3462D77C780}
	EndGlobalSection
EndGlobal
